Microsoft Visual Studio Solution File, Format Version 11.00
# Visual Studio 2008

Project("{1D3B20F5-CB40-2BF0-387D-BF1DD3D8C976}") = "PROJECT BattleShipBackUp", "Assembly-CSharp.csproj", "{A6A2B837-4426-9C43-99F7-65876EC1CEB0}"
EndProject
Global
	GlobalSection(SolutionConfigurationPlatforms) = preSolution
		Debug|Any CPU = Debug|Any CPU
		Release|Any CPU = Release|Any CPU
	EndGlobalSection
	GlobalSection(ProjectConfigurationPlatforms) = postSolution
		{A6A2B837-4426-9C43-99F7-65876EC1CEB0}.Debug|Any CPU.ActiveCfg = Debug|Any CPU
		{A6A2B837-4426-9C43-99F7-65876EC1CEB0}.Debug|Any CPU.Build.0 = Debug|Any CPU
		{A6A2B837-4426-9C43-99F7-65876EC1CEB0}.Release|Any CPU.ActiveCfg = Release|Any CPU
		{A6A2B837-4426-9C43-99F7-65876EC1CEB0}.Release|Any CPU.Build.0 = Release|Any CPU
	EndGlobalSection
	GlobalSection(SolutionProperties) = preSolution
		HideSolutionNode = FALSE
	EndGlobalSection
	GlobalSection(MonoDevelopProperties) = preSolution
		StartupItem = Assembly-CSharp.csproj
	EndGlobalSection
EndGlobal
